
Microsoft Visual Studio Solution File, Format Version 12.00
# Visual Studio 15
VisualStudioVersion = 15.0.27428.2043
MinimumVisualStudioVersion = 10.0.40219.1
Project("{9A19103F-16F7-4668-BE54-9A1E7A4F7556}") = "ConsoleApp", "ConsoleApp\ConsoleApp.csproj", "{377E7376-7EEA-47ED-90F9-CF4CA7D52AC6}"
EndProject
Project("{9A19103F-16F7-4668-BE54-9A1E7A4F7556}") = "WebAPIs", "WebAPIs\WebAPIs.csproj", "{F02FC244-F695-4844-8CF6-71422BDF93AB}"
EndProject
Project("{9A19103F-16F7-4668-BE54-9A1E7A4F7556}") = "ApiModels", "RequestModels\ApiModels.csproj", "{DA1AF342-6180-480A-A3F1-7EDBA357526B}"
EndProject
Project("{9A19103F-16F7-4668-BE54-9A1E7A4F7556}") = "UnitTests", "UnitTests\UnitTests.csproj", "{C9A039AA-02B3-4EEB-9200-3535DC87846B}"
EndProject
Project("{9A19103F-16F7-4668-BE54-9A1E7A4F7556}") = "Contracts", "Contracts\Contracts.csproj", "{B8C67471-1D11-46D0-B753-DC7592CCAADC}"
EndProject
Global
	GlobalSection(SolutionConfigurationPlatforms) = preSolution
		Debug|Any CPU = Debug|Any CPU
		Release|Any CPU = Release|Any CPU
	EndGlobalSection
	GlobalSection(ProjectConfigurationPlatforms) = postSolution
		{377E7376-7EEA-47ED-90F9-CF4CA7D52AC6}.Debug|Any CPU.ActiveCfg = Debug|Any CPU
		{377E7376-7EEA-47ED-90F9-CF4CA7D52AC6}.Debug|Any CPU.Build.0 = Debug|Any CPU
		{377E7376-7EEA-47ED-90F9-CF4CA7D52AC6}.Release|Any CPU.ActiveCfg = Release|Any CPU
		{377E7376-7EEA-47ED-90F9-CF4CA7D52AC6}.Release|Any CPU.Build.0 = Release|Any CPU
		{F02FC244-F695-4844-8CF6-71422BDF93AB}.Debug|Any CPU.ActiveCfg = Debug|Any CPU
		{F02FC244-F695-4844-8CF6-71422BDF93AB}.Debug|Any CPU.Build.0 = Debug|Any CPU
		{F02FC244-F695-4844-8CF6-71422BDF93AB}.Release|Any CPU.ActiveCfg = Release|Any CPU
		{F02FC244-F695-4844-8CF6-71422BDF93AB}.Release|Any CPU.Build.0 = Release|Any CPU
		{DA1AF342-6180-480A-A3F1-7EDBA357526B}.Debug|Any CPU.ActiveCfg = Debug|Any CPU
		{DA1AF342-6180-480A-A3F1-7EDBA357526B}.Debug|Any CPU.Build.0 = Debug|Any CPU
		{DA1AF342-6180-480A-A3F1-7EDBA357526B}.Release|Any CPU.ActiveCfg = Release|Any CPU
		{DA1AF342-6180-480A-A3F1-7EDBA357526B}.Release|Any CPU.Build.0 = Release|Any CPU
		{C9A039AA-02B3-4EEB-9200-3535DC87846B}.Debug|Any CPU.ActiveCfg = Debug|Any CPU
		{C9A039AA-02B3-4EEB-9200-3535DC87846B}.Debug|Any CPU.Build.0 = Debug|Any CPU
		{C9A039AA-02B3-4EEB-9200-3535DC87846B}.Release|Any CPU.ActiveCfg = Release|Any CPU
		{C9A039AA-02B3-4EEB-9200-3535DC87846B}.Release|Any CPU.Build.0 = Release|Any CPU
		{B8C67471-1D11-46D0-B753-DC7592CCAADC}.Debug|Any CPU.ActiveCfg = Debug|Any CPU
		{B8C67471-1D11-46D0-B753-DC7592CCAADC}.Debug|Any CPU.Build.0 = Debug|Any CPU
		{B8C67471-1D11-46D0-B753-DC7592CCAADC}.Release|Any CPU.ActiveCfg = Release|Any CPU
		{B8C67471-1D11-46D0-B753-DC7592CCAADC}.Release|Any CPU.Build.0 = Release|Any CPU
	EndGlobalSection
	GlobalSection(SolutionProperties) = preSolution
		HideSolutionNode = FALSE
	EndGlobalSection
	GlobalSection(ExtensibilityGlobals) = postSolution
		SolutionGuid = {E5B95270-03DA-4368-9655-3EE735740D51}
	EndGlobalSection
EndGlobal
